// !$*UTF8*$!
{
	archiveVersion = 1;
	classes = {
	};
	objectVersion = 50;
	objects = {

/* Begin PBXBuildFile section */
		2152ECEE222CC68E00DC9AE7 /* MDCrashReport.framework in Frameworks */ = {isa = PBXBuildFile; fileRef = 2152ECE4222CC68E00DC9AE7 /* MDCrashReport.framework */; };
		2152ECF3222CC68E00DC9AE7 /* MDCrashReportTests.m in Sources */ = {isa = PBXBuildFile; fileRef = 2152ECF2222CC68E00DC9AE7 /* MDCrashReportTests.m */; };
		2152ECF5222CC68E00DC9AE7 /* MDCrashReport.h in Headers */ = {isa = PBXBuildFile; fileRef = 2152ECE7222CC68E00DC9AE7 /* MDCrashReport.h */; settings = {ATTRIBUTES = (Public, ); }; };
/* End PBXBuildFile section */

/* Begin PBXContainerItemProxy section */
		2152ECEF222CC68E00DC9AE7 /* PBXContainerItemProxy */ = {
			isa = PBXContainerItemProxy;
			containerPortal = 2152ECDB222CC68E00DC9AE7 /* Project object */;
			proxyType = 1;
			remoteGlobalIDString = 2152ECE3222CC68E00DC9AE7;
			remoteInfo = MDCrashReport;
		};
/* End PBXContainerItemProxy section */

/* Begin PBXFileReference section */
		2152ECE4222CC68E00DC9AE7 /* MDCrashReport.framework */ = {isa = PBXFileReference; explicitFileType = wrapper.framework; includeInIndex = 0; path = MDCrashReport.framework; sourceTree = BUILT_PRODUCTS_DIR; };
		2152ECE7222CC68E00DC9AE7 /* MDCrashReport.h */ = {isa = PBXFileReference; lastKnownFileType = sourcecode.c.h; path = MDCrashReport.h; sourceTree = "<group>"; };
		2152ECE8222CC68E00DC9AE7 /* Info.plist */ = {isa = PBXFileReference; lastKnownFileType = text.plist.xml; path = Info.plist; sourceTree = "<group>"; };
		2152ECED222CC68E00DC9AE7 /* MDCrashReportTests.xctest */ = {isa = PBXFileReference; explicitFileType = wrapper.cfbundle; includeInIndex = 0; path = MDCrashReportTests.xctest; sourceTree = BUILT_PRODUCTS_DIR; };
		2152ECF2222CC68E00DC9AE7 /* MDCrashReportTests.m */ = {isa = PBXFileReference; lastKnownFileType = sourcecode.c.objc; path = MDCrashReportTests.m; sourceTree = "<group>"; };
		2152ECF4222CC68E00DC9AE7 /* Info.plist */ = {isa = PBXFileReference; lastKnownFileType = text.plist.xml; path = Info.plist; sourceTree = "<group>"; };
/* End PBXFileReference section */

/* Begin PBXFrameworksBuildPhase section */
		2152ECE1222CC68E00DC9AE7 /* Frameworks */ = {
			isa = PBXFrameworksBuildPhase;
			buildActionMask = 2147483647;
			files = (
			);
			runOnlyForDeploymentPostprocessing = 0;
		};
		2152ECEA222CC68E00DC9AE7 /* Frameworks */ = {
			isa = PBXFrameworksBuildPhase;
			buildActionMask = 2147483647;
			files = (
				2152ECEE222CC68E00DC9AE7 /* MDCrashReport.framework in Frameworks */,
			);
			runOnlyForDeploymentPostprocessing = 0;
		};
/* End PBXFrameworksBuildPhase section */

/* Begin PBXGroup section */
		2152ECDA222CC68E00DC9AE7 = {
			isa = PBXGroup;
			children = (
				2152ECE6222CC68E00DC9AE7 /* MDCrashReport */,
				2152ECF1222CC68E00DC9AE7 /* MDCrashReportTests */,
				2152ECE5222CC68E00DC9AE7 /* Products */,
			);
			sourceTree = "<group>";
		};
		2152ECE5222CC68E00DC9AE7 /* Products */ = {
			isa = PBXGroup;
			children = (
				2152ECE4222CC68E00DC9AE7 /* MDCrashReport.framework */,
				2152ECED222CC68E00DC9AE7 /* MDCrashReportTests.xctest */,
			);
			name = Products;
			sourceTree = "<group>";
		};
		2152ECE6222CC68E00DC9AE7 /* MDCrashReport */ = {
			isa = PBXGroup;
			children = (
				2152ECE7222CC68E00DC9AE7 /* MDCrashReport.h */,
				2152ECE8222CC68E00DC9AE7 /* Info.plist */,
			);
			path = MDCrashReport;
			sourceTree = "<group>";
		};
		2152ECF1222CC68E00DC9AE7 /* MDCrashReportTests */ = {
			isa = PBXGroup;
			children = (
				2152ECF2222CC68E00DC9AE7 /* MDCrashReportTests.m */,
				2152ECF4222CC68E00DC9AE7 /* Info.plist */,
			);
			path = MDCrashReportTests;
			sourceTree = "<group>";
		};
/* End PBXGroup section */

/* Begin PBXHeadersBuildPhase section */
		2152ECDF222CC68E00DC9AE7 /* Headers */ = {
			isa = PBXHeadersBuildPhase;
			buildActionMask = 2147483647;
			files = (
				2152ECF5222CC68E00DC9AE7 /* MDCrashReport.h in Headers */,
			);
			runOnlyForDeploymentPostprocessing = 0;
		};
/* End PBXHeadersBuildPhase section */

/* Begin PBXNativeTarget section */
		2152ECE3222CC68E00DC9AE7 /* MDCrashReport */ = {
			isa = PBXNativeTarget;
			buildConfigurationList = 2152ECF8222CC68E00DC9AE7 /* Build configuration list for PBXNativeTarget "MDCrashReport" */;
			buildPhases = (
				2152ECDF222CC68E00DC9AE7 /* Headers */,
				2152ECE0222CC68E00DC9AE7 /* Sources */,
				2152ECE1222CC68E00DC9AE7 /* Frameworks */,
				2152ECE2222CC68E00DC9AE7 /* Resources */,
			);
			buildRules = (
			);
			dependencies = (
			);
			name = MDCrashReport;
			productName = MDCrashReport;
			productReference = 2152ECE4222CC68E00DC9AE7 /* MDCrashReport.framework */;
			productType = "com.apple.product-type.framework";
		};
		2152ECEC222CC68E00DC9AE7 /* MDCrashReportTests */ = {
			isa = PBXNativeTarget;
			buildConfigurationList = 2152ECFB222CC68E00DC9AE7 /* Build configuration list for PBXNativeTarget "MDCrashReportTests" */;
			buildPhases = (
				2152ECE9222CC68E00DC9AE7 /* Sources */,
				2152ECEA222CC68E00DC9AE7 /* Frameworks */,
				2152ECEB222CC68E00DC9AE7 /* Resources */,
			);
			buildRules = (
			);
			dependencies = (
				2152ECF0222CC68E00DC9AE7 /* PBXTargetDependency */,
			);
			name = MDCrashReportTests;
			productName = MDCrashReportTests;
			productReference = 2152ECED222CC68E00DC9AE7 /* MDCrashReportTests.xctest */;
			productType = "com.apple.product-type.bundle.unit-test";
		};
/* End PBXNativeTarget section */

/* Begin PBXProject section */
		2152ECDB222CC68E00DC9AE7 /* Project object */ = {
			isa = PBXProject;
			attributes = {
				LastUpgradeCheck = 1010;
				ORGANIZATIONNAME = QiM;
				TargetAttributes = {
					2152ECE3222CC68E00DC9AE7 = {
						CreatedOnToolsVersion = 10.1;
					};
					2152ECEC222CC68E00DC9AE7 = {
						CreatedOnToolsVersion = 10.1;
					};
				};
			};
			buildConfigurationList = 2152ECDE222CC68E00DC9AE7 /* Build configuration list for PBXProject "MDCrashReport" */;
			compatibilityVersion = "Xcode 9.3";
			developmentRegion = en;
			hasScannedForEncodings = 0;
			knownRegions = (
				en,
			);
			mainGroup = 2152ECDA222CC68E00DC9AE7;
			productRefGroup = 2152ECE5222CC68E00DC9AE7 /* Products */;
			projectDirPath = "";
			projectRoot = "";
			targets = (
				2152ECE3222CC68E00DC9AE7 /* MDCrashReport */,
				2152ECEC222CC68E00DC9AE7 /* MDCrashReportTests */,
			);
		};
/* End PBXProject section */

/* Begin PBXResourcesBuildPhase section */
		2152ECE2222CC68E00DC9AE7 /* Resources */ = {
			isa = PBXResourcesBuildPhase;
			buildActionMask = 2147483647;
			files = (
			);
			runOnlyForDeploymentPostprocessing = 0;
		};
		2152ECEB222CC68E00DC9AE7 /* Resources */ = {
			isa = PBXResourcesBuildPhase;
			buildActionMask = 2147483647;
			files = (
			);
			runOnlyForDeploymentPostprocessing = 0;
		};
/* End PBXResourcesBuildPhase section */

/* Begin PBXSourcesBuildPhase section */
		2152ECE0222CC68E00DC9AE7 /* Sources */ = {
			isa = PBXSourcesBuildPhase;
			buildActionMask = 2147483647;
			files = (
			);
			runOnlyForDeploymentPostprocessing = 0;
		};
		2152ECE9222CC68E00DC9AE7 /* Sources */ = {
			isa = PBXSourcesBuildPhase;
			buildActionMask = 2147483647;
			files = (
				2152ECF3222CC68E00DC9AE7 /* MDCrashReportTests.m in Sources */,
			);
			runOnlyForDeploymentPostprocessing = 0;
		};
/* End PBXSourcesBuildPhase section */

/* Begin PBXTargetDependency section */
		2152ECF0222CC68E00DC9AE7 /* PBXTargetDependency */ = {
			isa = PBXTargetDependency;
			target = 2152ECE3222CC68E00DC9AE7 /* MDCrashReport */;
			targetProxy = 2152ECEF222CC68E00DC9AE7 /* PBXContainerItemProxy */;
		};
/* End PBXTargetDependency section */

/* Begin XCBuildConfiguration section */
		2152ECF6222CC68E00DC9AE7 /* Debug */ = {
			isa = XCBuildConfiguration;
			buildSettings = {
				ALWAYS_SEARCH_USER_PATHS = NO;
				CLANG_ANALYZER_NONNULL = YES;
				CLANG_ANALYZER_NUMBER_OBJECT_CONVERSION = YES_AGGRESSIVE;
				CLANG_CXX_LANGUAGE_STANDARD = "gnu++14";
				CLANG_CXX_LIBRARY = "libc++";
				CLANG_ENABLE_MODULES = YES;
				CLANG_ENABLE_OBJC_ARC = YES;
				CLANG_ENABLE_OBJC_WEAK = YES;
				CLANG_WARN_BLOCK_CAPTURE_AUTORELEASING = YES;
				CLANG_WARN_BOOL_CONVERSION = YES;
				CLANG_WARN_COMMA = YES;
				CLANG_WARN_CONSTANT_CONVERSION = YES;
				CLANG_WARN_DEPRECATED_OBJC_IMPLEMENTATIONS = YES;
				CLANG_WARN_DIRECT_OBJC_ISA_USAGE = YES_ERROR;
				CLANG_WARN_DOCUMENTATION_COMMENTS = YES;
				CLANG_WARN_EMPTY_BODY = YES;
				CLANG_WARN_ENUM_CONVERSION = YES;
				CLANG_WARN_INFINITE_RECURSION = YES;
				CLANG_WARN_INT_CONVERSION = YES;
				CLANG_WARN_NON_LITERAL_NULL_CONVERSION = YES;
				CLANG_WARN_OBJC_IMPLICIT_RETAIN_SELF = YES;
				CLANG_WARN_OBJC_LITERAL_CONVERSION = YES;
				CLANG_WARN_OBJC_ROOT_CLASS = YES_ERROR;
				CLANG_WARN_RANGE_LOOP_ANALYSIS = YES;
				CLANG_WARN_STRICT_PROTOTYPES = YES;
				CLANG_WARN_SUSPICIOUS_MOVE = YES;
				CLANG_WARN_UNGUARDED_AVAILABILITY = YES_AGGRESSIVE;
				CLANG_WARN_UNREACHABLE_CODE = YES;
				CLANG_WARN__DUPLICATE_METHOD_MATCH = YES;
				CODE_SIGN_IDENTITY = "iPhone Developer";
				COPY_PHASE_STRIP = NO;
				CURRENT_PROJECT_VERSION = 1;
				DEBUG_INFORMATION_FORMAT = dwarf;
				ENABLE_STRICT_OBJC_MSGSEND = YES;
				ENABLE_TESTABILITY = YES;
				GCC_C_LANGUAGE_STANDARD = gnu11;
				GCC_DYNAMIC_NO_PIC = NO;
				GCC_NO_COMMON_BLOCKS = YES;
				GCC_OPTIMIZATION_LEVEL = 0;
				GCC_PREPROCESSOR_DEFINITIONS = (
					"DEBUG=1",
					"$(inherited)",
				);
				GCC_WARN_64_TO_32_BIT_CONVERSION = YES;
				GCC_WARN_ABOUT_RETURN_TYPE = YES_ERROR;
				GCC_WARN_UNDECLARED_SELECTOR = YES;
				GCC_WARN_UNINITIALIZED_AUTOS = YES_AGGRESSIVE;
				GCC_WARN_UNUSED_FUNCTION = YES;
				GCC_WARN_UNUSED_VARIABLE = YES;
				IPHONEOS_DEPLOYMENT_TARGET = 12.1;
				MTL_ENABLE_DEBUG_INFO = INCLUDE_SOURCE;
				MTL_FAST_MATH = YES;
				ONLY_ACTIVE_ARCH = YES;
				SDKROOT = iphoneos;
				VERSIONING_SYSTEM = "apple-generic";
				VERSION_INFO_PREFIX = "";
			};
			name = Debug;
		};
		2152ECF7222CC68E00DC9AE7 /* Release */ = {
			isa = XCBuildConfiguration;
			buildSettings = {
				ALWAYS_SEARCH_USER_PATHS = NO;
				CLANG_ANALYZER_NONNULL = YES;
				CLANG_ANALYZER_NUMBER_OBJECT_CONVERSION = YES_AGGRESSIVE;
				CLANG_CXX_LANGUAGE_STANDARD = "gnu++14";
				CLANG_CXX_LIBRARY = "libc++";
				CLANG_ENABLE_MODULES = YES;
				CLANG_ENABLE_OBJC_ARC = YES;
				CLANG_ENABLE_OBJC_WEAK = YES;
				CLANG_WARN_BLOCK_CAPTURE_AUTORELEASING = YES;
				CLANG_WARN_BOOL_CONVERSION = YES;
				CLANG_WARN_COMMA = YES;
				CLANG_WARN_CONSTANT_CONVERSION = YES;
				CLANG_WARN_DEPRECATED_OBJC_IMPLEMENTATIONS = YES;
				CLANG_WARN_DIRECT_OBJC_ISA_USAGE = YES_ERROR;
				CLANG_WARN_DOCUMENTATION_COMMENTS = YES;
				CLANG_WARN_EMPTY_BODY = YES;
				CLANG_WARN_ENUM_CONVERSION = YES;
				CLANG_WARN_INFINITE_RECURSION = YES;
				CLANG_WARN_INT_CONVERSION = YES;
				CLANG_WARN_NON_LITERAL_NULL_CONVERSION = YES;
				CLANG_WARN_OBJC_IMPLICIT_RETAIN_SELF = YES;
				CLANG_WARN_OBJC_LITERAL_CONVERSION = YES;
				CLANG_WARN_OBJC_ROOT_CLASS = YES_ERROR;
				CLANG_WARN_RANGE_LOOP_ANALYSIS = YES;
				CLANG_WARN_STRICT_PROTOTYPES = YES;
				CLANG_WARN_SUSPICIOUS_MOVE = YES;
				CLANG_WARN_UNGUARDED_AVAILABILITY = YES_AGGRESSIVE;
				CLANG_WARN_UNREACHABLE_CODE = YES;
				CLANG_WARN__DUPLICATE_METHOD_MATCH = YES;
				CODE_SIGN_IDENTITY = "iPhone Developer";
				COPY_PHASE_STRIP = NO;
				CURRENT_PROJECT_VERSION = 1;
				DEBUG_INFORMATION_FORMAT = "dwarf-with-dsym";
				ENABLE_NS_ASSERTIONS = NO;
				ENABLE_STRICT_OBJC_MSGSEND = YES;
				GCC_C_LANGUAGE_STANDARD = gnu11;
				GCC_NO_COMMON_BLOCKS = YES;
				GCC_WARN_64_TO_32_BIT_CONVERSION = YES;
				GCC_WARN_ABOUT_RETURN_TYPE = YES_ERROR;
				GCC_WARN_UNDECLARED_SELECTOR = YES;
				GCC_WARN_UNINITIALIZED_AUTOS = YES_AGGRESSIVE;
				GCC_WARN_UNUSED_FUNCTION = YES;
				GCC_WARN_UNUSED_VARIABLE = YES;
				IPHONEOS_DEPLOYMENT_TARGET = 12.1;
				MTL_ENABLE_DEBUG_INFO = NO;
				MTL_FAST_MATH = YES;
				SDKROOT = iphoneos;
				VALIDATE_PRODUCT = YES;
				VERSIONING_SYSTEM = "apple-generic";
				VERSION_INFO_PREFIX = "";
			};
			name = Release;
		};
		2152ECF9222CC68E00DC9AE7 /* Debug */ = {
			isa = XCBuildConfiguration;
			buildSettings = {
				CODE_SIGN_IDENTITY = "";
				CODE_SIGN_STYLE = Automatic;
				DEFINES_MODULE = YES;
				DEVELOPMENT_TEAM = R9TRBFEQ6U;
				DYLIB_COMPATIBILITY_VERSION = 1;
				DYLIB_CURRENT_VERSION = 1;
				DYLIB_INSTALL_NAME_BASE = "@rpath";
				INFOPLIST_FILE = MDCrashReport/Info.plist;
				INSTALL_PATH = "$(LOCAL_LIBRARY_DIR)/Frameworks";
				LD_RUNPATH_SEARCH_PATHS = (
					"$(inherited)",
					"@executable_path/Frameworks",
					"@loader_path/Frameworks",
				);
				PRODUCT_BUNDLE_IDENTIFIER = com.qim.MDCrashReport;
				PRODUCT_NAME = "$(TARGET_NAME:c99extidentifier)";
				SKIP_INSTALL = YES;
				TARGETED_DEVICE_FAMILY = "1,2";
			};
			name = Debug;
		};
		2152ECFA222CC68E00DC9AE7 /* Release */ = {
			isa = XCBuildConfiguration;
			buildSettings = {
				CODE_SIGN_IDENTITY = "";
				CODE_SIGN_STYLE = Automatic;
				DEFINES_MODULE = YES;
				DEVELOPMENT_TEAM = R9TRBFEQ6U;
				DYLIB_COMPATIBILITY_VERSION = 1;
				DYLIB_CURRENT_VERSION = 1;
				DYLIB_INSTALL_NAME_BASE = "@rpath";
				INFOPLIST_FILE = MDCrashReport/Info.plist;
				INSTALL_PATH = "$(LOCAL_LIBRARY_DIR)/Frameworks";
				LD_RUNPATH_SEARCH_PATHS = (
					"$(inherited)",
					"@executable_path/Frameworks",
					"@loader_path/Frameworks",
				);
				PRODUCT_BUNDLE_IDENTIFIER = com.qim.MDCrashReport;
				PRODUCT_NAME = "$(TARGET_NAME:c99extidentifier)";
				SKIP_INSTALL = YES;
				TARGETED_DEVICE_FAMILY = "1,2";
			};
			name = Release;
		};
		2152ECFC222CC68E00DC9AE7 /* Debug */ = {
			isa = XCBuildConfiguration;
			buildSettings = {
				CODE_SIGN_STYLE = Automatic;
				DEVELOPMENT_TEAM = R9TRBFEQ6U;
				INFOPLIST_FILE = MDCrashReportTests/Info.plist;
				LD_RUNPATH_SEARCH_PATHS = (
					"$(inherited)",
					"@executable_path/Frameworks",
					"@loader_path/Frameworks",
				);
				PRODUCT_BUNDLE_IDENTIFIER = com.qim.MDCrashReportTests;
				PRODUCT_NAME = "$(TARGET_NAME)";
				TARGETED_DEVICE_FAMILY = "1,2";
			};
			name = Debug;
		};
		2152ECFD222CC68E00DC9AE7 /* Release */ = {
			isa = XCBuildConfiguration;
			buildSettings = {
				CODE_SIGN_STYLE = Automatic;
				DEVELOPMENT_TEAM = R9TRBFEQ6U;
				INFOPLIST_FILE = MDCrashReportTests/Info.plist;
				LD_RUNPATH_SEARCH_PATHS = (
					"$(inherited)",
					"@executable_path/Frameworks",
					"@loader_path/Frameworks",
				);
				PRODUCT_BUNDLE_IDENTIFIER = com.qim.MDCrashReportTests;
				PRODUCT_NAME = "$(TARGET_NAME)";
				TARGETED_DEVICE_FAMILY = "1,2";
			};
			name = Release;
		};
/* End XCBuildConfiguration section */

/* Begin XCConfigurationList section */
		2152ECDE222CC68E00DC9AE7 /* Build configuration list for PBXProject "MDCrashReport" */ = {
			isa = XCConfigurationList;
			buildConfigurations = (
				2152ECF6222CC68E00DC9AE7 /* Debug */,
				2152ECF7222CC68E00DC9AE7 /* Release */,
			);
			defaultConfigurationIsVisible = 0;
			defaultConfigurationName = Release;
		};
		2152ECF8222CC68E00DC9AE7 /* Build configuration list for PBXNativeTarget "MDCrashReport" */ = {
			isa = XCConfigurationList;
			buildConfigurations = (
				2152ECF9222CC68E00DC9AE7 /* Debug */,
				2152ECFA222CC68E00DC9AE7 /* Release */,
			);
			defaultConfigurationIsVisible = 0;
			defaultConfigurationName = Release;
		};
		2152ECFB222CC68E00DC9AE7 /* Build configuration list for PBXNativeTarget "MDCrashReportTests" */ = {
			isa = XCConfigurationList;
			buildConfigurations = (
				2152ECFC222CC68E00DC9AE7 /* Debug */,
				2152ECFD222CC68E00DC9AE7 /* Release */,
			);
			defaultConfigurationIsVisible = 0;
			defaultConfigurationName = Release;
		};
/* End XCConfigurationList section */
	};
	rootObject = 2152ECDB222CC68E00DC9AE7 /* Project object */;
}
